
Microsoft Visual Studio Solution File, Format Version 12.00
# Visual Studio Version 17
VisualStudioVersion = 17.5.33516.290
MinimumVisualStudioVersion = 10.0.40219.1
Project("{FAE04EC0-301F-11D3-BF4B-00C04F79EFBC}") = "Goodtocode.Assertion", "Goodtocode.Assertion\Goodtocode.Assertion.csproj", "{79E44601-B5B4-8738-1338-8BEED365E0A1}"
EndProject
Project("{FAE04EC0-301F-11D3-BF4B-00C04F79EFBC}") = "Goodtocode.Assertion.Tests", "Goodtocode.Assertion.Tests\Goodtocode.Assertion.Tests.csproj", "{9AA5EFC0-E6F4-8D68-52C0-46F61168027B}"
EndProject
Global
	GlobalSection(SolutionConfigurationPlatforms) = preSolution
		Debug|Any CPU = Debug|Any CPU
		Release|Any CPU = Release|Any CPU
	EndGlobalSection
	GlobalSection(ProjectConfigurationPlatforms) = postSolution
		{79E44601-B5B4-8738-1338-8BEED365E0A1}.Debug|Any CPU.ActiveCfg = Debug|Any CPU
		{79E44601-B5B4-8738-1338-8BEED365E0A1}.Debug|Any CPU.Build.0 = Debug|Any CPU
		{79E44601-B5B4-8738-1338-8BEED365E0A1}.Release|Any CPU.ActiveCfg = Release|Any CPU
		{79E44601-B5B4-8738-1338-8BEED365E0A1}.Release|Any CPU.Build.0 = Release|Any CPU
		{9AA5EFC0-E6F4-8D68-52C0-46F61168027B}.Debug|Any CPU.ActiveCfg = Debug|Any CPU
		{9AA5EFC0-E6F4-8D68-52C0-46F61168027B}.Debug|Any CPU.Build.0 = Debug|Any CPU
		{9AA5EFC0-E6F4-8D68-52C0-46F61168027B}.Release|Any CPU.ActiveCfg = Release|Any CPU
		{9AA5EFC0-E6F4-8D68-52C0-46F61168027B}.Release|Any CPU.Build.0 = Release|Any CPU
	EndGlobalSection
	GlobalSection(SolutionProperties) = preSolution
		HideSolutionNode = FALSE
	EndGlobalSection
	GlobalSection(ExtensibilityGlobals) = postSolution
		SolutionGuid = {394AC88B-6897-416E-B92F-1D370A044F06}
	EndGlobalSection
EndGlobal
